{
  "name": "newapp",
  "version": "1.0.0",
  "dependencies": {
    "@babel/code-frame": {
      "version": "7.10.4",
      "from": "@babel/code-frame@>=7.0.0 <8.0.0",
      "resolved": "https://registry.npmjs.org/@babel/code-frame/-/code-frame-7.10.4.tgz"
    },
    "@babel/helper-validator-identifier": {
      "version": "7.10.4",
      "from": "@babel/helper-validator-identifier@>=7.10.4 <8.0.0",
      "resolved": "https://registry.npmjs.org/@babel/helper-validator-identifier/-/helper-validator-identifier-7.10.4.tgz"
    },
    "@babel/highlight": {
      "version": "7.10.4",
      "from": "@babel/highlight@>=7.10.4 <8.0.0",
      "resolved": "https://registry.npmjs.org/@babel/highlight/-/highlight-7.10.4.tgz",
      "dependencies": {
        "chalk": {
          "version": "2.4.2",
          "from": "chalk@>=2.0.0 <3.0.0",
          "resolved": "https://registry.npmjs.org/chalk/-/chalk-2.4.2.tgz"
        }
      }
    },
    "@eslint/eslintrc": {
      "version": "0.2.1",
      "from": "@eslint/eslintrc@>=0.2.1 <0.3.0",
      "resolved": "https://registry.npmjs.org/@eslint/eslintrc/-/eslintrc-0.2.1.tgz"
    },
    "@types/bson": {
      "version": "4.0.3",
      "from": "@types/bson@*",
      "resolved": "https://registry.npmjs.org/@types/bson/-/bson-4.0.3.tgz"
    },
    "@types/json5": {
      "version": "0.0.29",
      "from": "@types/json5@>=0.0.29 <0.0.30",
      "resolved": "https://registry.npmjs.org/@types/json5/-/json5-0.0.29.tgz"
    },
    "@types/mongodb": {
      "version": "3.5.34",
      "from": "@types/mongodb@>=3.5.27 <4.0.0",
      "resolved": "https://registry.npmjs.org/@types/mongodb/-/mongodb-3.5.34.tgz"
    },
    "@types/node": {
      "version": "14.14.10",
      "from": "@types/node@*",
      "resolved": "https://registry.npmjs.org/@types/node/-/node-14.14.10.tgz"
    },
    "accepts": {
      "version": "1.3.7",
      "from": "accepts@>=1.3.7 <1.4.0",
      "resolved": "https://registry.npmjs.org/accepts/-/accepts-1.3.7.tgz"
    },
    "acorn": {
      "version": "7.4.1",
      "from": "acorn@>=7.4.0 <8.0.0",
      "resolved": "https://registry.npmjs.org/acorn/-/acorn-7.4.1.tgz"
    },
    "acorn-jsx": {
      "version": "5.3.1",
      "from": "acorn-jsx@>=5.2.0 <6.0.0",
      "resolved": "https://registry.npmjs.org/acorn-jsx/-/acorn-jsx-5.3.1.tgz"
    },
    "ajv": {
      "version": "6.12.6",
      "from": "ajv@>=6.10.0 <7.0.0",
      "resolved": "https://registry.npmjs.org/ajv/-/ajv-6.12.6.tgz"
    },
    "ansi-colors": {
      "version": "4.1.1",
      "from": "ansi-colors@>=4.1.1 <5.0.0",
      "resolved": "https://registry.npmjs.org/ansi-colors/-/ansi-colors-4.1.1.tgz"
    },
    "ansi-regex": {
      "version": "5.0.0",
      "from": "ansi-regex@>=5.0.0 <6.0.0",
      "resolved": "https://registry.npmjs.org/ansi-regex/-/ansi-regex-5.0.0.tgz"
    },
    "ansi-styles": {
      "version": "3.2.1",
      "from": "ansi-styles@>=3.2.1 <4.0.0",
      "resolved": "https://registry.npmjs.org/ansi-styles/-/ansi-styles-3.2.1.tgz"
    },
    "argparse": {
      "version": "1.0.10",
      "from": "argparse@>=1.0.7 <2.0.0",
      "resolved": "https://registry.npmjs.org/argparse/-/argparse-1.0.10.tgz"
    },
    "array-flatten": {
      "version": "1.1.1",
      "from": "array-flatten@1.1.1",
      "resolved": "https://registry.npmjs.org/array-flatten/-/array-flatten-1.1.1.tgz"
    },
    "array-includes": {
      "version": "3.1.2",
      "from": "array-includes@>=3.1.1 <4.0.0",
      "resolved": "https://registry.npmjs.org/array-includes/-/array-includes-3.1.2.tgz"
    },
    "array.prototype.flat": {
      "version": "1.2.4",
      "from": "array.prototype.flat@>=1.2.3 <2.0.0",
      "resolved": "https://registry.npmjs.org/array.prototype.flat/-/array.prototype.flat-1.2.4.tgz"
    },
    "astral-regex": {
      "version": "1.0.0",
      "from": "astral-regex@>=1.0.0 <2.0.0",
      "resolved": "https://registry.npmjs.org/astral-regex/-/astral-regex-1.0.0.tgz"
    },
    "balanced-match": {
      "version": "1.0.0",
      "from": "balanced-match@>=1.0.0 <2.0.0",
      "resolved": "https://registry.npmjs.org/balanced-match/-/balanced-match-1.0.0.tgz"
    },
    "bl": {
      "version": "2.2.1",
      "from": "bl@>=2.2.1 <3.0.0",
      "resolved": "https://registry.npmjs.org/bl/-/bl-2.2.1.tgz"
    },
    "bluebird": {
      "version": "3.5.1",
      "from": "bluebird@3.5.1",
      "resolved": "https://registry.npmjs.org/bluebird/-/bluebird-3.5.1.tgz"
    },
    "body-parser": {
      "version": "1.19.0",
      "from": "body-parser@latest",
      "resolved": "https://registry.npmjs.org/body-parser/-/body-parser-1.19.0.tgz",
      "dependencies": {
        "debug": {
          "version": "2.6.9",
          "from": "debug@2.6.9",
          "resolved": "https://registry.npmjs.org/debug/-/debug-2.6.9.tgz"
        },
        "ms": {
          "version": "2.0.0",
          "from": "ms@2.0.0",
          "resolved": "https://registry.npmjs.org/ms/-/ms-2.0.0.tgz"
        }
      }
    },
    "brace-expansion": {
      "version": "1.1.11",
      "from": "brace-expansion@>=1.1.7 <2.0.0",
      "resolved": "https://registry.npmjs.org/brace-expansion/-/brace-expansion-1.1.11.tgz"
    },
    "bson": {
      "version": "1.1.5",
      "from": "bson@>=1.1.4 <2.0.0",
      "resolved": "https://registry.npmjs.org/bson/-/bson-1.1.5.tgz"
    },
    "bytes": {
      "version": "3.1.0",
      "from": "bytes@3.1.0",
      "resolved": "https://registry.npmjs.org/bytes/-/bytes-3.1.0.tgz"
    },
    "call-bind": {
      "version": "1.0.0",
      "from": "call-bind@>=1.0.0 <2.0.0",
      "resolved": "https://registry.npmjs.org/call-bind/-/call-bind-1.0.0.tgz"
    },
    "callsites": {
      "version": "3.1.0",
      "from": "callsites@>=3.0.0 <4.0.0",
      "resolved": "https://registry.npmjs.org/callsites/-/callsites-3.1.0.tgz"
    },
    "chalk": {
      "version": "4.1.0",
      "from": "chalk@>=4.0.0 <5.0.0",
      "resolved": "https://registry.npmjs.org/chalk/-/chalk-4.1.0.tgz",
      "dependencies": {
        "ansi-styles": {
          "version": "4.3.0",
          "from": "ansi-styles@>=4.1.0 <5.0.0",
          "resolved": "https://registry.npmjs.org/ansi-styles/-/ansi-styles-4.3.0.tgz"
        },
        "color-convert": {
          "version": "2.0.1",
          "from": "color-convert@>=2.0.1 <3.0.0",
          "resolved": "https://registry.npmjs.org/color-convert/-/color-convert-2.0.1.tgz"
        },
        "color-name": {
          "version": "1.1.4",
          "from": "color-name@>=1.1.4 <1.2.0",
          "resolved": "https://registry.npmjs.org/color-name/-/color-name-1.1.4.tgz"
        },
        "has-flag": {
          "version": "4.0.0",
          "from": "has-flag@>=4.0.0 <5.0.0",
          "resolved": "https://registry.npmjs.org/has-flag/-/has-flag-4.0.0.tgz"
        },
        "supports-color": {
          "version": "7.2.0",
          "from": "supports-color@>=7.1.0 <8.0.0",
          "resolved": "https://registry.npmjs.org/supports-color/-/supports-color-7.2.0.tgz"
        }
      }
    },
    "color-convert": {
      "version": "1.9.3",
      "from": "color-convert@>=1.9.0 <2.0.0",
      "resolved": "https://registry.npmjs.org/color-convert/-/color-convert-1.9.3.tgz"
    },
    "color-name": {
      "version": "1.1.3",
      "from": "color-name@1.1.3",
      "resolved": "https://registry.npmjs.org/color-name/-/color-name-1.1.3.tgz"
    },
    "concat-map": {
      "version": "0.0.1",
      "from": "concat-map@0.0.1",
      "resolved": "https://registry.npmjs.org/concat-map/-/concat-map-0.0.1.tgz"
    },
    "confusing-browser-globals": {
      "version": "1.0.10",
      "from": "confusing-browser-globals@>=1.0.10 <2.0.0",
      "resolved": "https://registry.npmjs.org/confusing-browser-globals/-/confusing-browser-globals-1.0.10.tgz"
    },
    "contains-path": {
      "version": "0.1.0",
      "from": "contains-path@>=0.1.0 <0.2.0",
      "resolved": "https://registry.npmjs.org/contains-path/-/contains-path-0.1.0.tgz"
    },
    "content-disposition": {
      "version": "0.5.3",
      "from": "content-disposition@0.5.3",
      "resolved": "https://registry.npmjs.org/content-disposition/-/content-disposition-0.5.3.tgz"
    },
    "content-type": {
      "version": "1.0.4",
      "from": "content-type@>=1.0.4 <1.1.0",
      "resolved": "https://registry.npmjs.org/content-type/-/content-type-1.0.4.tgz"
    },
    "cookie": {
      "version": "0.4.0",
      "from": "cookie@0.4.0",
      "resolved": "https://registry.npmjs.org/cookie/-/cookie-0.4.0.tgz"
    },
    "cookie-signature": {
      "version": "1.0.6",
      "from": "cookie-signature@1.0.6",
      "resolved": "https://registry.npmjs.org/cookie-signature/-/cookie-signature-1.0.6.tgz"
    },
    "core-util-is": {
      "version": "1.0.2",
      "from": "core-util-is@>=1.0.0 <1.1.0",
      "resolved": "https://registry.npmjs.org/core-util-is/-/core-util-is-1.0.2.tgz"
    },
    "cross-spawn": {
      "version": "7.0.3",
      "from": "cross-spawn@>=7.0.2 <8.0.0",
      "resolved": "https://registry.npmjs.org/cross-spawn/-/cross-spawn-7.0.3.tgz"
    },
    "debug": {
      "version": "4.3.1",
      "from": "debug@>=4.0.1 <5.0.0",
      "resolved": "https://registry.npmjs.org/debug/-/debug-4.3.1.tgz"
    },
    "deep-is": {
      "version": "0.1.3",
      "from": "deep-is@>=0.1.3 <0.2.0",
      "resolved": "https://registry.npmjs.org/deep-is/-/deep-is-0.1.3.tgz"
    },
    "define-properties": {
      "version": "1.1.3",
      "from": "define-properties@>=1.1.3 <2.0.0",
      "resolved": "https://registry.npmjs.org/define-properties/-/define-properties-1.1.3.tgz"
    },
    "denque": {
      "version": "1.4.1",
      "from": "denque@>=1.4.1 <2.0.0",
      "resolved": "https://registry.npmjs.org/denque/-/denque-1.4.1.tgz"
    },
    "depd": {
      "version": "1.1.2",
      "from": "depd@>=1.1.2 <1.2.0",
      "resolved": "https://registry.npmjs.org/depd/-/depd-1.1.2.tgz"
    },
    "destroy": {
      "version": "1.0.4",
      "from": "destroy@>=1.0.4 <1.1.0",
      "resolved": "https://registry.npmjs.org/destroy/-/destroy-1.0.4.tgz"
    },
    "doctrine": {
      "version": "3.0.0",
      "from": "doctrine@>=3.0.0 <4.0.0",
      "resolved": "https://registry.npmjs.org/doctrine/-/doctrine-3.0.0.tgz"
    },
    "ee-first": {
      "version": "1.1.1",
      "from": "ee-first@1.1.1",
      "resolved": "https://registry.npmjs.org/ee-first/-/ee-first-1.1.1.tgz"
    },
    "emoji-regex": {
      "version": "7.0.3",
      "from": "emoji-regex@>=7.0.1 <8.0.0",
      "resolved": "https://registry.npmjs.org/emoji-regex/-/emoji-regex-7.0.3.tgz"
    },
    "encodeurl": {
      "version": "1.0.2",
      "from": "encodeurl@>=1.0.2 <1.1.0",
      "resolved": "https://registry.npmjs.org/encodeurl/-/encodeurl-1.0.2.tgz"
    },
    "enquirer": {
      "version": "2.3.6",
      "from": "enquirer@>=2.3.5 <3.0.0",
      "resolved": "https://registry.npmjs.org/enquirer/-/enquirer-2.3.6.tgz"
    },
    "error-ex": {
      "version": "1.3.2",
      "from": "error-ex@>=1.2.0 <2.0.0",
      "resolved": "https://registry.npmjs.org/error-ex/-/error-ex-1.3.2.tgz"
    },
    "es-abstract": {
      "version": "1.18.0-next.1",
      "from": "es-abstract@>=1.18.0-next.1 <2.0.0",
      "resolved": "https://registry.npmjs.org/es-abstract/-/es-abstract-1.18.0-next.1.tgz"
    },
    "es-to-primitive": {
      "version": "1.2.1",
      "from": "es-to-primitive@>=1.2.1 <2.0.0",
      "resolved": "https://registry.npmjs.org/es-to-primitive/-/es-to-primitive-1.2.1.tgz"
    },
    "escape-html": {
      "version": "1.0.3",
      "from": "escape-html@>=1.0.3 <1.1.0",
      "resolved": "https://registry.npmjs.org/escape-html/-/escape-html-1.0.3.tgz"
    },
    "escape-string-regexp": {
      "version": "1.0.5",
      "from": "escape-string-regexp@>=1.0.5 <2.0.0",
      "resolved": "https://registry.npmjs.org/escape-string-regexp/-/escape-string-regexp-1.0.5.tgz"
    },
    "eslint": {
      "version": "7.14.0",
      "from": "eslint@latest",
      "resolved": "https://registry.npmjs.org/eslint/-/eslint-7.14.0.tgz"
    },
    "eslint-config-airbnb-base": {
      "version": "14.2.1",
      "from": "eslint-config-airbnb-base@latest",
      "resolved": "https://registry.npmjs.org/eslint-config-airbnb-base/-/eslint-config-airbnb-base-14.2.1.tgz"
    },
    "eslint-import-resolver-node": {
      "version": "0.3.4",
      "from": "eslint-import-resolver-node@>=0.3.4 <0.4.0",
      "resolved": "https://registry.npmjs.org/eslint-import-resolver-node/-/eslint-import-resolver-node-0.3.4.tgz",
      "dependencies": {
        "debug": {
          "version": "2.6.9",
          "from": "debug@^2.6.9",
          "resolved": "https://registry.npmjs.org/debug/-/debug-2.6.9.tgz"
        },
        "ms": {
          "version": "2.0.0",
          "from": "ms@2.0.0",
          "resolved": "https://registry.npmjs.org/ms/-/ms-2.0.0.tgz"
        }
      }
    },
    "eslint-module-utils": {
      "version": "2.6.0",
      "from": "eslint-module-utils@>=2.6.0 <3.0.0",
      "resolved": "https://registry.npmjs.org/eslint-module-utils/-/eslint-module-utils-2.6.0.tgz",
      "dependencies": {
        "debug": {
          "version": "2.6.9",
          "from": "debug@^2.6.9",
          "resolved": "https://registry.npmjs.org/debug/-/debug-2.6.9.tgz"
        },
        "ms": {
          "version": "2.0.0",
          "from": "ms@2.0.0",
          "resolved": "https://registry.npmjs.org/ms/-/ms-2.0.0.tgz"
        }
      }
    },
    "eslint-plugin-import": {
      "version": "2.22.1",
      "from": "eslint-plugin-import@latest",
      "resolved": "https://registry.npmjs.org/eslint-plugin-import/-/eslint-plugin-import-2.22.1.tgz",
      "dependencies": {
        "debug": {
          "version": "2.6.9",
          "from": "debug@>=2.6.9 <3.0.0",
          "resolved": "https://registry.npmjs.org/debug/-/debug-2.6.9.tgz"
        },
        "doctrine": {
          "version": "1.5.0",
          "from": "doctrine@1.5.0",
          "resolved": "https://registry.npmjs.org/doctrine/-/doctrine-1.5.0.tgz"
        },
        "ms": {
          "version": "2.0.0",
          "from": "ms@2.0.0",
          "resolved": "https://registry.npmjs.org/ms/-/ms-2.0.0.tgz"
        }
      }
    },
    "eslint-scope": {
      "version": "5.1.1",
      "from": "eslint-scope@>=5.1.1 <6.0.0",
      "resolved": "https://registry.npmjs.org/eslint-scope/-/eslint-scope-5.1.1.tgz"
    },
    "eslint-utils": {
      "version": "2.1.0",
      "from": "eslint-utils@>=2.1.0 <3.0.0",
      "resolved": "https://registry.npmjs.org/eslint-utils/-/eslint-utils-2.1.0.tgz",
      "dependencies": {
        "eslint-visitor-keys": {
          "version": "1.3.0",
          "from": "eslint-visitor-keys@>=1.1.0 <2.0.0",
          "resolved": "https://registry.npmjs.org/eslint-visitor-keys/-/eslint-visitor-keys-1.3.0.tgz"
        }
      }
    },
    "eslint-visitor-keys": {
      "version": "2.0.0",
      "from": "eslint-visitor-keys@>=2.0.0 <3.0.0",
      "resolved": "https://registry.npmjs.org/eslint-visitor-keys/-/eslint-visitor-keys-2.0.0.tgz"
    },
    "espree": {
      "version": "7.3.0",
      "from": "espree@>=7.3.0 <8.0.0",
      "resolved": "https://registry.npmjs.org/espree/-/espree-7.3.0.tgz",
      "dependencies": {
        "eslint-visitor-keys": {
          "version": "1.3.0",
          "from": "eslint-visitor-keys@>=1.3.0 <2.0.0",
          "resolved": "https://registry.npmjs.org/eslint-visitor-keys/-/eslint-visitor-keys-1.3.0.tgz"
        }
      }
    },
    "esprima": {
      "version": "4.0.1",
      "from": "esprima@>=4.0.0 <5.0.0",
      "resolved": "https://registry.npmjs.org/esprima/-/esprima-4.0.1.tgz"
    },
    "esquery": {
      "version": "1.3.1",
      "from": "esquery@>=1.2.0 <2.0.0",
      "resolved": "https://registry.npmjs.org/esquery/-/esquery-1.3.1.tgz",
      "dependencies": {
        "estraverse": {
          "version": "5.2.0",
          "from": "estraverse@>=5.1.0 <6.0.0",
          "resolved": "https://registry.npmjs.org/estraverse/-/estraverse-5.2.0.tgz"
        }
      }
    },
    "esrecurse": {
      "version": "4.3.0",
      "from": "esrecurse@>=4.3.0 <5.0.0",
      "resolved": "https://registry.npmjs.org/esrecurse/-/esrecurse-4.3.0.tgz",
      "dependencies": {
        "estraverse": {
          "version": "5.2.0",
          "from": "estraverse@>=5.2.0 <6.0.0",
          "resolved": "https://registry.npmjs.org/estraverse/-/estraverse-5.2.0.tgz"
        }
      }
    },
    "estraverse": {
      "version": "4.3.0",
      "from": "estraverse@>=4.1.1 <5.0.0",
      "resolved": "https://registry.npmjs.org/estraverse/-/estraverse-4.3.0.tgz"
    },
    "esutils": {
      "version": "2.0.3",
      "from": "esutils@>=2.0.2 <3.0.0",
      "resolved": "https://registry.npmjs.org/esutils/-/esutils-2.0.3.tgz"
    },
    "etag": {
      "version": "1.8.1",
      "from": "etag@>=1.8.1 <1.9.0",
      "resolved": "https://registry.npmjs.org/etag/-/etag-1.8.1.tgz"
    },
    "express": {
      "version": "4.17.1",
      "from": "express@latest",
      "resolved": "https://registry.npmjs.org/express/-/express-4.17.1.tgz",
      "dependencies": {
        "debug": {
          "version": "2.6.9",
          "from": "debug@2.6.9",
          "resolved": "https://registry.npmjs.org/debug/-/debug-2.6.9.tgz"
        },
        "ms": {
          "version": "2.0.0",
          "from": "ms@2.0.0",
          "resolved": "https://registry.npmjs.org/ms/-/ms-2.0.0.tgz"
        }
      }
    },
    "fast-deep-equal": {
      "version": "3.1.3",
      "from": "fast-deep-equal@>=3.1.1 <4.0.0",
      "resolved": "https://registry.npmjs.org/fast-deep-equal/-/fast-deep-equal-3.1.3.tgz"
    },
    "fast-json-stable-stringify": {
      "version": "2.1.0",
      "from": "fast-json-stable-stringify@>=2.0.0 <3.0.0",
      "resolved": "https://registry.npmjs.org/fast-json-stable-stringify/-/fast-json-stable-stringify-2.1.0.tgz"
    },
    "fast-levenshtein": {
      "version": "2.0.6",
      "from": "fast-levenshtein@>=2.0.6 <3.0.0",
      "resolved": "https://registry.npmjs.org/fast-levenshtein/-/fast-levenshtein-2.0.6.tgz"
    },
    "file-entry-cache": {
      "version": "5.0.1",
      "from": "file-entry-cache@>=5.0.1 <6.0.0",
      "resolved": "https://registry.npmjs.org/file-entry-cache/-/file-entry-cache-5.0.1.tgz"
    },
    "finalhandler": {
      "version": "1.1.2",
      "from": "finalhandler@>=1.1.2 <1.2.0",
      "resolved": "https://registry.npmjs.org/finalhandler/-/finalhandler-1.1.2.tgz",
      "dependencies": {
        "debug": {
          "version": "2.6.9",
          "from": "debug@2.6.9",
          "resolved": "https://registry.npmjs.org/debug/-/debug-2.6.9.tgz"
        },
        "ms": {
          "version": "2.0.0",
          "from": "ms@2.0.0",
          "resolved": "https://registry.npmjs.org/ms/-/ms-2.0.0.tgz"
        }
      }
    },
    "find-up": {
      "version": "2.1.0",
      "from": "find-up@>=2.1.0 <3.0.0",
      "resolved": "https://registry.npmjs.org/find-up/-/find-up-2.1.0.tgz"
    },
    "flat-cache": {
      "version": "2.0.1",
      "from": "flat-cache@>=2.0.1 <3.0.0",
      "resolved": "https://registry.npmjs.org/flat-cache/-/flat-cache-2.0.1.tgz"
    },
    "flatted": {
      "version": "2.0.2",
      "from": "flatted@>=2.0.0 <3.0.0",
      "resolved": "https://registry.npmjs.org/flatted/-/flatted-2.0.2.tgz"
    },
    "forwarded": {
      "version": "0.1.2",
      "from": "forwarded@>=0.1.2 <0.2.0",
      "resolved": "https://registry.npmjs.org/forwarded/-/forwarded-0.1.2.tgz"
    },
    "fresh": {
      "version": "0.5.2",
      "from": "fresh@0.5.2",
      "resolved": "https://registry.npmjs.org/fresh/-/fresh-0.5.2.tgz"
    },
    "fs.realpath": {
      "version": "1.0.0",
      "from": "fs.realpath@>=1.0.0 <2.0.0",
      "resolved": "https://registry.npmjs.org/fs.realpath/-/fs.realpath-1.0.0.tgz"
    },
    "function-bind": {
      "version": "1.1.1",
      "from": "function-bind@>=1.1.1 <2.0.0",
      "resolved": "https://registry.npmjs.org/function-bind/-/function-bind-1.1.1.tgz"
    },
    "functional-red-black-tree": {
      "version": "1.0.1",
      "from": "functional-red-black-tree@>=1.0.1 <2.0.0",
      "resolved": "https://registry.npmjs.org/functional-red-black-tree/-/functional-red-black-tree-1.0.1.tgz"
    },
    "get-intrinsic": {
      "version": "1.0.1",
      "from": "get-intrinsic@>=1.0.0 <2.0.0",
      "resolved": "https://registry.npmjs.org/get-intrinsic/-/get-intrinsic-1.0.1.tgz"
    },
    "glob": {
      "version": "7.1.6",
      "from": "glob@>=7.1.3 <8.0.0",
      "resolved": "https://registry.npmjs.org/glob/-/glob-7.1.6.tgz"
    },
    "glob-parent": {
      "version": "5.1.1",
      "from": "glob-parent@>=5.0.0 <6.0.0",
      "resolved": "https://registry.npmjs.org/glob-parent/-/glob-parent-5.1.1.tgz"
    },
    "globals": {
      "version": "12.4.0",
      "from": "globals@>=12.1.0 <13.0.0",
      "resolved": "https://registry.npmjs.org/globals/-/globals-12.4.0.tgz"
    },
    "graceful-fs": {
      "version": "4.2.4",
      "from": "graceful-fs@>=4.1.2 <5.0.0",
      "resolved": "https://registry.npmjs.org/graceful-fs/-/graceful-fs-4.2.4.tgz"
    },
    "has": {
      "version": "1.0.3",
      "from": "has@>=1.0.3 <2.0.0",
      "resolved": "https://registry.npmjs.org/has/-/has-1.0.3.tgz"
    },
    "has-flag": {
      "version": "3.0.0",
      "from": "has-flag@>=3.0.0 <4.0.0",
      "resolved": "https://registry.npmjs.org/has-flag/-/has-flag-3.0.0.tgz"
    },
    "has-symbols": {
      "version": "1.0.1",
      "from": "has-symbols@>=1.0.1 <2.0.0",
      "resolved": "https://registry.npmjs.org/has-symbols/-/has-symbols-1.0.1.tgz"
    },
    "hosted-git-info": {
      "version": "2.8.8",
      "from": "hosted-git-info@>=2.1.4 <3.0.0",
      "resolved": "https://registry.npmjs.org/hosted-git-info/-/hosted-git-info-2.8.8.tgz"
    },
    "http-errors": {
      "version": "1.7.2",
      "from": "http-errors@1.7.2",
      "resolved": "https://registry.npmjs.org/http-errors/-/http-errors-1.7.2.tgz",
      "dependencies": {
        "inherits": {
          "version": "2.0.3",
          "from": "inherits@2.0.3",
          "resolved": "https://registry.npmjs.org/inherits/-/inherits-2.0.3.tgz"
        }
      }
    },
    "iconv-lite": {
      "version": "0.4.24",
      "from": "iconv-lite@0.4.24",
      "resolved": "https://registry.npmjs.org/iconv-lite/-/iconv-lite-0.4.24.tgz"
    },
    "ignore": {
      "version": "4.0.6",
      "from": "ignore@>=4.0.6 <5.0.0",
      "resolved": "https://registry.npmjs.org/ignore/-/ignore-4.0.6.tgz"
    },
    "import-fresh": {
      "version": "3.2.2",
      "from": "import-fresh@>=3.0.0 <4.0.0",
      "resolved": "https://registry.npmjs.org/import-fresh/-/import-fresh-3.2.2.tgz"
    },
    "imurmurhash": {
      "version": "0.1.4",
      "from": "imurmurhash@>=0.1.4 <0.2.0",
      "resolved": "https://registry.npmjs.org/imurmurhash/-/imurmurhash-0.1.4.tgz"
    },
    "inflight": {
      "version": "1.0.6",
      "from": "inflight@>=1.0.4 <2.0.0",
      "resolved": "https://registry.npmjs.org/inflight/-/inflight-1.0.6.tgz"
    },
    "inherits": {
      "version": "2.0.4",
      "from": "inherits@>=2.0.0 <3.0.0",
      "resolved": "https://registry.npmjs.org/inherits/-/inherits-2.0.4.tgz"
    },
    "ipaddr.js": {
      "version": "1.9.1",
      "from": "ipaddr.js@1.9.1",
      "resolved": "https://registry.npmjs.org/ipaddr.js/-/ipaddr.js-1.9.1.tgz"
    },
    "is-arrayish": {
      "version": "0.2.1",
      "from": "is-arrayish@>=0.2.1 <0.3.0",
      "resolved": "https://registry.npmjs.org/is-arrayish/-/is-arrayish-0.2.1.tgz"
    },
    "is-callable": {
      "version": "1.2.2",
      "from": "is-callable@>=1.2.2 <2.0.0",
      "resolved": "https://registry.npmjs.org/is-callable/-/is-callable-1.2.2.tgz"
    },
    "is-core-module": {
      "version": "2.2.0",
      "from": "is-core-module@>=2.1.0 <3.0.0",
      "resolved": "https://registry.npmjs.org/is-core-module/-/is-core-module-2.2.0.tgz"
    },
    "is-date-object": {
      "version": "1.0.2",
      "from": "is-date-object@>=1.0.1 <2.0.0",
      "resolved": "https://registry.npmjs.org/is-date-object/-/is-date-object-1.0.2.tgz"
    },
    "is-extglob": {
      "version": "2.1.1",
      "from": "is-extglob@>=2.1.1 <3.0.0",
      "resolved": "https://registry.npmjs.org/is-extglob/-/is-extglob-2.1.1.tgz"
    },
    "is-fullwidth-code-point": {
      "version": "2.0.0",
      "from": "is-fullwidth-code-point@>=2.0.0 <3.0.0",
      "resolved": "https://registry.npmjs.org/is-fullwidth-code-point/-/is-fullwidth-code-point-2.0.0.tgz"
    },
    "is-glob": {
      "version": "4.0.1",
      "from": "is-glob@>=4.0.0 <5.0.0",
      "resolved": "https://registry.npmjs.org/is-glob/-/is-glob-4.0.1.tgz"
    },
    "is-negative-zero": {
      "version": "2.0.0",
      "from": "is-negative-zero@>=2.0.0 <3.0.0",
      "resolved": "https://registry.npmjs.org/is-negative-zero/-/is-negative-zero-2.0.0.tgz"
    },
    "is-regex": {
      "version": "1.1.1",
      "from": "is-regex@>=1.1.1 <2.0.0",
      "resolved": "https://registry.npmjs.org/is-regex/-/is-regex-1.1.1.tgz"
    },
    "is-string": {
      "version": "1.0.5",
      "from": "is-string@>=1.0.5 <2.0.0",
      "resolved": "https://registry.npmjs.org/is-string/-/is-string-1.0.5.tgz"
    },
    "is-symbol": {
      "version": "1.0.3",
      "from": "is-symbol@>=1.0.2 <2.0.0",
      "resolved": "https://registry.npmjs.org/is-symbol/-/is-symbol-1.0.3.tgz"
    },
    "isarray": {
      "version": "1.0.0",
      "from": "isarray@>=1.0.0 <2.0.0",
      "resolved": "https://registry.npmjs.org/isarray/-/isarray-1.0.0.tgz"
    },
    "isexe": {
      "version": "2.0.0",
      "from": "isexe@>=2.0.0 <3.0.0",
      "resolved": "https://registry.npmjs.org/isexe/-/isexe-2.0.0.tgz"
    },
    "js-tokens": {
      "version": "4.0.0",
      "from": "js-tokens@>=4.0.0 <5.0.0",
      "resolved": "https://registry.npmjs.org/js-tokens/-/js-tokens-4.0.0.tgz"
    },
    "js-yaml": {
      "version": "3.14.0",
      "from": "js-yaml@>=3.13.1 <4.0.0",
      "resolved": "https://registry.npmjs.org/js-yaml/-/js-yaml-3.14.0.tgz"
    },
    "json-schema-traverse": {
      "version": "0.4.1",
      "from": "json-schema-traverse@>=0.4.1 <0.5.0",
      "resolved": "https://registry.npmjs.org/json-schema-traverse/-/json-schema-traverse-0.4.1.tgz"
    },
    "json-stable-stringify-without-jsonify": {
      "version": "1.0.1",
      "from": "json-stable-stringify-without-jsonify@>=1.0.1 <2.0.0",
      "resolved": "https://registry.npmjs.org/json-stable-stringify-without-jsonify/-/json-stable-stringify-without-jsonify-1.0.1.tgz"
    },
    "json5": {
      "version": "1.0.1",
      "from": "json5@>=1.0.1 <2.0.0",
      "resolved": "https://registry.npmjs.org/json5/-/json5-1.0.1.tgz"
    },
    "kareem": {
      "version": "2.3.1",
      "from": "kareem@2.3.1",
      "resolved": "https://registry.npmjs.org/kareem/-/kareem-2.3.1.tgz"
    },
    "levn": {
      "version": "0.4.1",
      "from": "levn@>=0.4.1 <0.5.0",
      "resolved": "https://registry.npmjs.org/levn/-/levn-0.4.1.tgz"
    },
    "load-json-file": {
      "version": "2.0.0",
      "from": "load-json-file@>=2.0.0 <3.0.0",
      "resolved": "https://registry.npmjs.org/load-json-file/-/load-json-file-2.0.0.tgz"
    },
    "locate-path": {
      "version": "2.0.0",
      "from": "locate-path@>=2.0.0 <3.0.0",
      "resolved": "https://registry.npmjs.org/locate-path/-/locate-path-2.0.0.tgz"
    },
    "lodash": {
      "version": "4.17.20",
      "from": "lodash@>=4.17.19 <5.0.0",
      "resolved": "https://registry.npmjs.org/lodash/-/lodash-4.17.20.tgz"
    },
    "lru-cache": {
      "version": "6.0.0",
      "from": "lru-cache@>=6.0.0 <7.0.0",
      "resolved": "https://registry.npmjs.org/lru-cache/-/lru-cache-6.0.0.tgz"
    },
    "media-typer": {
      "version": "0.3.0",
      "from": "media-typer@0.3.0",
      "resolved": "https://registry.npmjs.org/media-typer/-/media-typer-0.3.0.tgz"
    },
    "memory-pager": {
      "version": "1.5.0",
      "from": "memory-pager@>=1.0.2 <2.0.0",
      "resolved": "https://registry.npmjs.org/memory-pager/-/memory-pager-1.5.0.tgz",
      "optional": true
    },
    "merge-descriptors": {
      "version": "1.0.1",
      "from": "merge-descriptors@1.0.1",
      "resolved": "https://registry.npmjs.org/merge-descriptors/-/merge-descriptors-1.0.1.tgz"
    },
    "methods": {
      "version": "1.1.2",
      "from": "methods@>=1.1.2 <1.2.0",
      "resolved": "https://registry.npmjs.org/methods/-/methods-1.1.2.tgz"
    },
    "mime": {
      "version": "1.6.0",
      "from": "mime@1.6.0",
      "resolved": "https://registry.npmjs.org/mime/-/mime-1.6.0.tgz"
    },
    "mime-db": {
      "version": "1.44.0",
      "from": "mime-db@1.44.0",
      "resolved": "https://registry.npmjs.org/mime-db/-/mime-db-1.44.0.tgz"
    },
    "mime-types": {
      "version": "2.1.27",
      "from": "mime-types@>=2.1.24 <2.2.0",
      "resolved": "https://registry.npmjs.org/mime-types/-/mime-types-2.1.27.tgz"
    },
    "minimatch": {
      "version": "3.0.4",
      "from": "minimatch@>=3.0.4 <4.0.0",
      "resolved": "https://registry.npmjs.org/minimatch/-/minimatch-3.0.4.tgz"
    },
    "minimist": {
      "version": "1.2.5",
      "from": "minimist@>=1.2.5 <2.0.0",
      "resolved": "https://registry.npmjs.org/minimist/-/minimist-1.2.5.tgz"
    },
    "mkdirp": {
      "version": "0.5.5",
      "from": "mkdirp@>=0.5.1 <0.6.0",
      "resolved": "https://registry.npmjs.org/mkdirp/-/mkdirp-0.5.5.tgz"
    },
    "mongodb": {
      "version": "3.6.3",
      "from": "mongodb@3.6.3",
      "resolved": "https://registry.npmjs.org/mongodb/-/mongodb-3.6.3.tgz"
    },
    "mongoose": {
      "version": "5.11.1",
      "from": "mongoose@latest",
      "resolved": "https://registry.npmjs.org/mongoose/-/mongoose-5.11.1.tgz",
      "dependencies": {
        "safe-buffer": {
          "version": "5.2.1",
          "from": "safe-buffer@5.2.1",
          "resolved": "https://registry.npmjs.org/safe-buffer/-/safe-buffer-5.2.1.tgz"
        }
      }
    },
    "mongoose-legacy-pluralize": {
      "version": "1.0.2",
      "from": "mongoose-legacy-pluralize@1.0.2",
      "resolved": "https://registry.npmjs.org/mongoose-legacy-pluralize/-/mongoose-legacy-pluralize-1.0.2.tgz"
    },
    "mpath": {
      "version": "0.8.0",
      "from": "mpath@0.8.0",
      "resolved": "https://registry.npmjs.org/mpath/-/mpath-0.8.0.tgz"
    },
    "mquery": {
      "version": "3.2.2",
      "from": "mquery@3.2.2",
      "resolved": "https://registry.npmjs.org/mquery/-/mquery-3.2.2.tgz",
      "dependencies": {
        "debug": {
          "version": "3.1.0",
          "from": "debug@3.1.0",
          "resolved": "https://registry.npmjs.org/debug/-/debug-3.1.0.tgz"
        },
        "ms": {
          "version": "2.0.0",
          "from": "ms@2.0.0",
          "resolved": "https://registry.npmjs.org/ms/-/ms-2.0.0.tgz"
        }
      }
    },
    "ms": {
      "version": "2.1.2",
      "from": "ms@2.1.2",
      "resolved": "https://registry.npmjs.org/ms/-/ms-2.1.2.tgz"
    },
    "natural-compare": {
      "version": "1.4.0",
      "from": "natural-compare@>=1.4.0 <2.0.0",
      "resolved": "https://registry.npmjs.org/natural-compare/-/natural-compare-1.4.0.tgz"
    },
    "negotiator": {
      "version": "0.6.2",
      "from": "negotiator@0.6.2",
      "resolved": "https://registry.npmjs.org/negotiator/-/negotiator-0.6.2.tgz"
    },
    "normalize-package-data": {
      "version": "2.5.0",
      "from": "normalize-package-data@>=2.3.2 <3.0.0",
      "resolved": "https://registry.npmjs.org/normalize-package-data/-/normalize-package-data-2.5.0.tgz",
      "dependencies": {
        "semver": {
          "version": "5.7.1",
          "from": "semver@>=2.0.0 <3.0.0||>=3.0.0 <4.0.0||>=4.0.0 <5.0.0||>=5.0.0 <6.0.0",
          "resolved": "https://registry.npmjs.org/semver/-/semver-5.7.1.tgz"
        }
      }
    },
    "object-inspect": {
      "version": "1.9.0",
      "from": "object-inspect@>=1.8.0 <2.0.0",
      "resolved": "https://registry.npmjs.org/object-inspect/-/object-inspect-1.9.0.tgz"
    },
    "object-keys": {
      "version": "1.1.1",
      "from": "object-keys@>=1.1.1 <2.0.0",
      "resolved": "https://registry.npmjs.org/object-keys/-/object-keys-1.1.1.tgz"
    },
    "object.assign": {
      "version": "4.1.2",
      "from": "object.assign@>=4.1.2 <5.0.0",
      "resolved": "https://registry.npmjs.org/object.assign/-/object.assign-4.1.2.tgz"
    },
    "object.entries": {
      "version": "1.1.3",
      "from": "object.entries@>=1.1.2 <2.0.0",
      "resolved": "https://registry.npmjs.org/object.entries/-/object.entries-1.1.3.tgz"
    },
    "object.values": {
      "version": "1.1.2",
      "from": "object.values@>=1.1.1 <2.0.0",
      "resolved": "https://registry.npmjs.org/object.values/-/object.values-1.1.2.tgz"
    },
    "on-finished": {
      "version": "2.3.0",
      "from": "on-finished@>=2.3.0 <2.4.0",
      "resolved": "https://registry.npmjs.org/on-finished/-/on-finished-2.3.0.tgz"
    },
    "once": {
      "version": "1.4.0",
      "from": "once@>=1.3.0 <2.0.0",
      "resolved": "https://registry.npmjs.org/once/-/once-1.4.0.tgz"
    },
    "optionator": {
      "version": "0.9.1",
      "from": "optionator@>=0.9.1 <0.10.0",
      "resolved": "https://registry.npmjs.org/optionator/-/optionator-0.9.1.tgz"
    },
    "p-limit": {
      "version": "1.3.0",
      "from": "p-limit@>=1.1.0 <2.0.0",
      "resolved": "https://registry.npmjs.org/p-limit/-/p-limit-1.3.0.tgz"
    },
    "p-locate": {
      "version": "2.0.0",
      "from": "p-locate@>=2.0.0 <3.0.0",
      "resolved": "https://registry.npmjs.org/p-locate/-/p-locate-2.0.0.tgz"
    },
    "p-try": {
      "version": "1.0.0",
      "from": "p-try@>=1.0.0 <2.0.0",
      "resolved": "https://registry.npmjs.org/p-try/-/p-try-1.0.0.tgz"
    },
    "parent-module": {
      "version": "1.0.1",
      "from": "parent-module@>=1.0.0 <2.0.0",
      "resolved": "https://registry.npmjs.org/parent-module/-/parent-module-1.0.1.tgz"
    },
    "parse-json": {
      "version": "2.2.0",
      "from": "parse-json@>=2.2.0 <3.0.0",
      "resolved": "https://registry.npmjs.org/parse-json/-/parse-json-2.2.0.tgz"
    },
    "parseurl": {
      "version": "1.3.3",
      "from": "parseurl@>=1.3.3 <1.4.0",
      "resolved": "https://registry.npmjs.org/parseurl/-/parseurl-1.3.3.tgz"
    },
    "path-exists": {
      "version": "3.0.0",
      "from": "path-exists@>=3.0.0 <4.0.0",
      "resolved": "https://registry.npmjs.org/path-exists/-/path-exists-3.0.0.tgz"
    },
    "path-is-absolute": {
      "version": "1.0.1",
      "from": "path-is-absolute@>=1.0.0 <2.0.0",
      "resolved": "https://registry.npmjs.org/path-is-absolute/-/path-is-absolute-1.0.1.tgz"
    },
    "path-key": {
      "version": "3.1.1",
      "from": "path-key@>=3.1.0 <4.0.0",
      "resolved": "https://registry.npmjs.org/path-key/-/path-key-3.1.1.tgz"
    },
    "path-parse": {
      "version": "1.0.6",
      "from": "path-parse@>=1.0.6 <2.0.0",
      "resolved": "https://registry.npmjs.org/path-parse/-/path-parse-1.0.6.tgz"
    },
    "path-to-regexp": {
      "version": "0.1.7",
      "from": "path-to-regexp@0.1.7",
      "resolved": "https://registry.npmjs.org/path-to-regexp/-/path-to-regexp-0.1.7.tgz"
    },
    "path-type": {
      "version": "2.0.0",
      "from": "path-type@>=2.0.0 <3.0.0",
      "resolved": "https://registry.npmjs.org/path-type/-/path-type-2.0.0.tgz"
    },
    "pify": {
      "version": "2.3.0",
      "from": "pify@>=2.0.0 <3.0.0",
      "resolved": "https://registry.npmjs.org/pify/-/pify-2.3.0.tgz"
    },
    "pkg-dir": {
      "version": "2.0.0",
      "from": "pkg-dir@>=2.0.0 <3.0.0",
      "resolved": "https://registry.npmjs.org/pkg-dir/-/pkg-dir-2.0.0.tgz"
    },
    "prelude-ls": {
      "version": "1.2.1",
      "from": "prelude-ls@>=1.2.1 <2.0.0",
      "resolved": "https://registry.npmjs.org/prelude-ls/-/prelude-ls-1.2.1.tgz"
    },
    "process-nextick-args": {
      "version": "2.0.1",
      "from": "process-nextick-args@>=2.0.0 <2.1.0",
      "resolved": "https://registry.npmjs.org/process-nextick-args/-/process-nextick-args-2.0.1.tgz"
    },
    "progress": {
      "version": "2.0.3",
      "from": "progress@>=2.0.0 <3.0.0",
      "resolved": "https://registry.npmjs.org/progress/-/progress-2.0.3.tgz"
    },
    "proxy-addr": {
      "version": "2.0.6",
      "from": "proxy-addr@>=2.0.5 <2.1.0",
      "resolved": "https://registry.npmjs.org/proxy-addr/-/proxy-addr-2.0.6.tgz"
    },
    "punycode": {
      "version": "2.1.1",
      "from": "punycode@>=2.1.0 <3.0.0",
      "resolved": "https://registry.npmjs.org/punycode/-/punycode-2.1.1.tgz"
    },
    "qs": {
      "version": "6.7.0",
      "from": "qs@6.7.0",
      "resolved": "https://registry.npmjs.org/qs/-/qs-6.7.0.tgz"
    },
    "range-parser": {
      "version": "1.2.1",
      "from": "range-parser@>=1.2.1 <1.3.0",
      "resolved": "https://registry.npmjs.org/range-parser/-/range-parser-1.2.1.tgz"
    },
    "raw-body": {
      "version": "2.4.0",
      "from": "raw-body@2.4.0",
      "resolved": "https://registry.npmjs.org/raw-body/-/raw-body-2.4.0.tgz"
    },
    "read-pkg": {
      "version": "2.0.0",
      "from": "read-pkg@>=2.0.0 <3.0.0",
      "resolved": "https://registry.npmjs.org/read-pkg/-/read-pkg-2.0.0.tgz"
    },
    "read-pkg-up": {
      "version": "2.0.0",
      "from": "read-pkg-up@>=2.0.0 <3.0.0",
      "resolved": "https://registry.npmjs.org/read-pkg-up/-/read-pkg-up-2.0.0.tgz"
    },
    "readable-stream": {
      "version": "2.3.7",
      "from": "readable-stream@>=2.3.5 <3.0.0",
      "resolved": "https://registry.npmjs.org/readable-stream/-/readable-stream-2.3.7.tgz"
    },
    "regexp-clone": {
      "version": "1.0.0",
      "from": "regexp-clone@1.0.0",
      "resolved": "https://registry.npmjs.org/regexp-clone/-/regexp-clone-1.0.0.tgz"
    },
    "regexpp": {
      "version": "3.1.0",
      "from": "regexpp@>=3.1.0 <4.0.0",
      "resolved": "https://registry.npmjs.org/regexpp/-/regexpp-3.1.0.tgz"
    },
    "require_optional": {
      "version": "1.0.1",
      "from": "require_optional@>=1.0.1 <2.0.0",
      "resolved": "https://registry.npmjs.org/require_optional/-/require_optional-1.0.1.tgz",
      "dependencies": {
        "resolve-from": {
          "version": "2.0.0",
          "from": "resolve-from@>=2.0.0 <3.0.0",
          "resolved": "https://registry.npmjs.org/resolve-from/-/resolve-from-2.0.0.tgz"
        },
        "semver": {
          "version": "5.7.1",
          "from": "semver@>=5.1.0 <6.0.0",
          "resolved": "https://registry.npmjs.org/semver/-/semver-5.7.1.tgz"
        }
      }
    },
    "resolve": {
      "version": "1.19.0",
      "from": "resolve@>=1.17.0 <2.0.0",
      "resolved": "https://registry.npmjs.org/resolve/-/resolve-1.19.0.tgz"
    },
    "resolve-from": {
      "version": "4.0.0",
      "from": "resolve-from@>=4.0.0 <5.0.0",
      "resolved": "https://registry.npmjs.org/resolve-from/-/resolve-from-4.0.0.tgz"
    },
    "rimraf": {
      "version": "2.6.3",
      "from": "rimraf@2.6.3",
      "resolved": "https://registry.npmjs.org/rimraf/-/rimraf-2.6.3.tgz"
    },
    "safe-buffer": {
      "version": "5.1.2",
      "from": "safe-buffer@5.1.2",
      "resolved": "https://registry.npmjs.org/safe-buffer/-/safe-buffer-5.1.2.tgz"
    },
    "safer-buffer": {
      "version": "2.1.2",
      "from": "safer-buffer@>=2.1.2 <3.0.0",
      "resolved": "https://registry.npmjs.org/safer-buffer/-/safer-buffer-2.1.2.tgz"
    },
    "saslprep": {
      "version": "1.0.3",
      "from": "saslprep@>=1.0.0 <2.0.0",
      "resolved": "https://registry.npmjs.org/saslprep/-/saslprep-1.0.3.tgz",
      "optional": true
    },
    "semver": {
      "version": "7.3.4",
      "from": "semver@>=7.2.1 <8.0.0",
      "resolved": "https://registry.npmjs.org/semver/-/semver-7.3.4.tgz"
    },
    "send": {
      "version": "0.17.1",
      "from": "send@0.17.1",
      "resolved": "https://registry.npmjs.org/send/-/send-0.17.1.tgz",
      "dependencies": {
        "debug": {
          "version": "2.6.9",
          "from": "debug@2.6.9",
          "resolved": "https://registry.npmjs.org/debug/-/debug-2.6.9.tgz",
          "dependencies": {
            "ms": {
              "version": "2.0.0",
              "from": "ms@2.0.0",
              "resolved": "https://registry.npmjs.org/ms/-/ms-2.0.0.tgz"
            }
          }
        },
        "ms": {
          "version": "2.1.1",
          "from": "ms@2.1.1",
          "resolved": "https://registry.npmjs.org/ms/-/ms-2.1.1.tgz"
        }
      }
    },
    "serve-static": {
      "version": "1.14.1",
      "from": "serve-static@1.14.1",
      "resolved": "https://registry.npmjs.org/serve-static/-/serve-static-1.14.1.tgz"
    },
    "setprototypeof": {
      "version": "1.1.1",
      "from": "setprototypeof@1.1.1",
      "resolved": "https://registry.npmjs.org/setprototypeof/-/setprototypeof-1.1.1.tgz"
    },
    "shebang-command": {
      "version": "2.0.0",
      "from": "shebang-command@>=2.0.0 <3.0.0",
      "resolved": "https://registry.npmjs.org/shebang-command/-/shebang-command-2.0.0.tgz"
    },
    "shebang-regex": {
      "version": "3.0.0",
      "from": "shebang-regex@>=3.0.0 <4.0.0",
      "resolved": "https://registry.npmjs.org/shebang-regex/-/shebang-regex-3.0.0.tgz"
    },
    "sift": {
      "version": "7.0.1",
      "from": "sift@7.0.1",
      "resolved": "https://registry.npmjs.org/sift/-/sift-7.0.1.tgz"
    },
    "slice-ansi": {
      "version": "2.1.0",
      "from": "slice-ansi@>=2.1.0 <3.0.0",
      "resolved": "https://registry.npmjs.org/slice-ansi/-/slice-ansi-2.1.0.tgz"
    },
    "sliced": {
      "version": "1.0.1",
      "from": "sliced@1.0.1",
      "resolved": "https://registry.npmjs.org/sliced/-/sliced-1.0.1.tgz"
    },
    "sparse-bitfield": {
      "version": "3.0.3",
      "from": "sparse-bitfield@>=3.0.3 <4.0.0",
      "resolved": "https://registry.npmjs.org/sparse-bitfield/-/sparse-bitfield-3.0.3.tgz",
      "optional": true
    },
    "spdx-correct": {
      "version": "3.1.1",
      "from": "spdx-correct@>=3.0.0 <4.0.0",
      "resolved": "https://registry.npmjs.org/spdx-correct/-/spdx-correct-3.1.1.tgz"
    },
    "spdx-exceptions": {
      "version": "2.3.0",
      "from": "spdx-exceptions@>=2.1.0 <3.0.0",
      "resolved": "https://registry.npmjs.org/spdx-exceptions/-/spdx-exceptions-2.3.0.tgz"
    },
    "spdx-expression-parse": {
      "version": "3.0.1",
      "from": "spdx-expression-parse@>=3.0.0 <4.0.0",
      "resolved": "https://registry.npmjs.org/spdx-expression-parse/-/spdx-expression-parse-3.0.1.tgz"
    },
    "spdx-license-ids": {
      "version": "3.0.7",
      "from": "spdx-license-ids@>=3.0.0 <4.0.0",
      "resolved": "https://registry.npmjs.org/spdx-license-ids/-/spdx-license-ids-3.0.7.tgz"
    },
    "sprintf-js": {
      "version": "1.0.3",
      "from": "sprintf-js@>=1.0.2 <1.1.0",
      "resolved": "https://registry.npmjs.org/sprintf-js/-/sprintf-js-1.0.3.tgz"
    },
    "statuses": {
      "version": "1.5.0",
      "from": "statuses@>=1.5.0 <1.6.0",
      "resolved": "https://registry.npmjs.org/statuses/-/statuses-1.5.0.tgz"
    },
    "string_decoder": {
      "version": "1.1.1",
      "from": "string_decoder@>=1.1.1 <1.2.0",
      "resolved": "https://registry.npmjs.org/string_decoder/-/string_decoder-1.1.1.tgz"
    },
    "string-width": {
      "version": "3.1.0",
      "from": "string-width@>=3.0.0 <4.0.0",
      "resolved": "https://registry.npmjs.org/string-width/-/string-width-3.1.0.tgz",
      "dependencies": {
        "ansi-regex": {
          "version": "4.1.0",
          "from": "ansi-regex@>=4.1.0 <5.0.0",
          "resolved": "https://registry.npmjs.org/ansi-regex/-/ansi-regex-4.1.0.tgz"
        },
        "strip-ansi": {
          "version": "5.2.0",
          "from": "strip-ansi@>=5.1.0 <6.0.0",
          "resolved": "https://registry.npmjs.org/strip-ansi/-/strip-ansi-5.2.0.tgz"
        }
      }
    },
    "string.prototype.trimend": {
      "version": "1.0.3",
      "from": "string.prototype.trimend@>=1.0.1 <2.0.0",
      "resolved": "https://registry.npmjs.org/string.prototype.trimend/-/string.prototype.trimend-1.0.3.tgz"
    },
    "string.prototype.trimstart": {
      "version": "1.0.3",
      "from": "string.prototype.trimstart@>=1.0.1 <2.0.0",
      "resolved": "https://registry.npmjs.org/string.prototype.trimstart/-/string.prototype.trimstart-1.0.3.tgz"
    },
    "strip-ansi": {
      "version": "6.0.0",
      "from": "strip-ansi@>=6.0.0 <7.0.0",
      "resolved": "https://registry.npmjs.org/strip-ansi/-/strip-ansi-6.0.0.tgz"
    },
    "strip-bom": {
      "version": "3.0.0",
      "from": "strip-bom@>=3.0.0 <4.0.0",
      "resolved": "https://registry.npmjs.org/strip-bom/-/strip-bom-3.0.0.tgz"
    },
    "strip-json-comments": {
      "version": "3.1.1",
      "from": "strip-json-comments@>=3.1.0 <4.0.0",
      "resolved": "https://registry.npmjs.org/strip-json-comments/-/strip-json-comments-3.1.1.tgz"
    },
    "supports-color": {
      "version": "5.5.0",
      "from": "supports-color@>=5.3.0 <6.0.0",
      "resolved": "https://registry.npmjs.org/supports-color/-/supports-color-5.5.0.tgz"
    },
    "table": {
      "version": "5.4.6",
      "from": "table@>=5.2.3 <6.0.0",
      "resolved": "https://registry.npmjs.org/table/-/table-5.4.6.tgz"
    },
    "text-table": {
      "version": "0.2.0",
      "from": "text-table@>=0.2.0 <0.3.0",
      "resolved": "https://registry.npmjs.org/text-table/-/text-table-0.2.0.tgz"
    },
    "toidentifier": {
      "version": "1.0.0",
      "from": "toidentifier@1.0.0",
      "resolved": "https://registry.npmjs.org/toidentifier/-/toidentifier-1.0.0.tgz"
    },
    "tsconfig-paths": {
      "version": "3.9.0",
      "from": "tsconfig-paths@>=3.9.0 <4.0.0",
      "resolved": "https://registry.npmjs.org/tsconfig-paths/-/tsconfig-paths-3.9.0.tgz"
    },
    "type-check": {
      "version": "0.4.0",
      "from": "type-check@>=0.4.0 <0.5.0",
      "resolved": "https://registry.npmjs.org/type-check/-/type-check-0.4.0.tgz"
    },
    "type-fest": {
      "version": "0.8.1",
      "from": "type-fest@>=0.8.1 <0.9.0",
      "resolved": "https://registry.npmjs.org/type-fest/-/type-fest-0.8.1.tgz"
    },
    "type-is": {
      "version": "1.6.18",
      "from": "type-is@>=1.6.18 <1.7.0",
      "resolved": "https://registry.npmjs.org/type-is/-/type-is-1.6.18.tgz"
    },
    "unpipe": {
      "version": "1.0.0",
      "from": "unpipe@1.0.0",
      "resolved": "https://registry.npmjs.org/unpipe/-/unpipe-1.0.0.tgz"
    },
    "uri-js": {
      "version": "4.4.0",
      "from": "uri-js@>=4.2.2 <5.0.0",
      "resolved": "https://registry.npmjs.org/uri-js/-/uri-js-4.4.0.tgz"
    },
    "util-deprecate": {
      "version": "1.0.2",
      "from": "util-deprecate@>=1.0.1 <1.1.0",
      "resolved": "https://registry.npmjs.org/util-deprecate/-/util-deprecate-1.0.2.tgz"
    },
    "utils-merge": {
      "version": "1.0.1",
      "from": "utils-merge@1.0.1",
      "resolved": "https://registry.npmjs.org/utils-merge/-/utils-merge-1.0.1.tgz"
    },
    "v8-compile-cache": {
      "version": "2.2.0",
      "from": "v8-compile-cache@>=2.0.3 <3.0.0",
      "resolved": "https://registry.npmjs.org/v8-compile-cache/-/v8-compile-cache-2.2.0.tgz"
    },
    "validate-npm-package-license": {
      "version": "3.0.4",
      "from": "validate-npm-package-license@>=3.0.1 <4.0.0",
      "resolved": "https://registry.npmjs.org/validate-npm-package-license/-/validate-npm-package-license-3.0.4.tgz"
    },
    "vary": {
      "version": "1.1.2",
      "from": "vary@>=1.1.2 <1.2.0",
      "resolved": "https://registry.npmjs.org/vary/-/vary-1.1.2.tgz"
    },
    "which": {
      "version": "2.0.2",
      "from": "which@>=2.0.1 <3.0.0",
      "resolved": "https://registry.npmjs.org/which/-/which-2.0.2.tgz"
    },
    "word-wrap": {
      "version": "1.2.3",
      "from": "word-wrap@>=1.2.3 <2.0.0",
      "resolved": "https://registry.npmjs.org/word-wrap/-/word-wrap-1.2.3.tgz"
    },
    "wrappy": {
      "version": "1.0.2",
      "from": "wrappy@>=1.0.0 <2.0.0",
      "resolved": "https://registry.npmjs.org/wrappy/-/wrappy-1.0.2.tgz"
    },
    "write": {
      "version": "1.0.3",
      "from": "write@1.0.3",
      "resolved": "https://registry.npmjs.org/write/-/write-1.0.3.tgz"
    },
    "yallist": {
      "version": "4.0.0",
      "from": "yallist@>=4.0.0 <5.0.0",
      "resolved": "https://registry.npmjs.org/yallist/-/yallist-4.0.0.tgz"
    }
  }
}
